
Microsoft Visual Studio Solution File, Format Version 12.00
# Visual Studio Version 17
VisualStudioVersion = 17.9.34728.123
MinimumVisualStudioVersion = 10.0.40219.1
Project("{FAE04EC0-301F-11D3-BF4B-00C04F79EFBC}") = "LabAWS_RestauranteAPI", "LabAWS_RestauranteAPI\LabAWS_RestauranteAPI.csproj", "{6BF6D33C-9815-47A9-8C32-D6B551A040B4}"
EndProject
Global
	GlobalSection(SolutionConfigurationPlatforms) = preSolution
		Debug|Any CPU = Debug|Any CPU
		Release|Any CPU = Release|Any CPU
	EndGlobalSection
	GlobalSection(ProjectConfigurationPlatforms) = postSolution
		{6BF6D33C-9815-47A9-8C32-D6B551A040B4}.Debug|Any CPU.ActiveCfg = Debug|Any CPU
		{6BF6D33C-9815-47A9-8C32-D6B551A040B4}.Debug|Any CPU.Build.0 = Debug|Any CPU
		{6BF6D33C-9815-47A9-8C32-D6B551A040B4}.Release|Any CPU.ActiveCfg = Release|Any CPU
		{6BF6D33C-9815-47A9-8C32-D6B551A040B4}.Release|Any CPU.Build.0 = Release|Any CPU
	EndGlobalSection
	GlobalSection(SolutionProperties) = preSolution
		HideSolutionNode = FALSE
	EndGlobalSection
	GlobalSection(ExtensibilityGlobals) = postSolution
		SolutionGuid = {5064888A-34C4-46C7-AD86-A01E5D3A9B2B}
	EndGlobalSection
EndGlobal
